
Microsoft Visual Studio Solution File, Format Version 12.00
# Visual Studio 15
VisualStudioVersion = 15.0.28307.438
MinimumVisualStudioVersion = 10.0.40219.1
Project("{F2A71F9B-5D33-465A-A702-920D77279786}") = "Sample_Store_Billing", "Sample_Store_Billing\Sample_Store_Billing.fsproj", "{237BFF7B-4F7B-4F3B-A171-A423E74D15E1}"
EndProject
Global
	GlobalSection(SolutionConfigurationPlatforms) = preSolution
		Debug|Any CPU = Debug|Any CPU
		Release|Any CPU = Release|Any CPU
	EndGlobalSection
	GlobalSection(ProjectConfigurationPlatforms) = postSolution
		{237BFF7B-4F7B-4F3B-A171-A423E74D15E1}.Debug|Any CPU.ActiveCfg = Debug|Any CPU
		{237BFF7B-4F7B-4F3B-A171-A423E74D15E1}.Debug|Any CPU.Build.0 = Debug|Any CPU
		{237BFF7B-4F7B-4F3B-A171-A423E74D15E1}.Release|Any CPU.ActiveCfg = Release|Any CPU
		{237BFF7B-4F7B-4F3B-A171-A423E74D15E1}.Release|Any CPU.Build.0 = Release|Any CPU
	EndGlobalSection
	GlobalSection(SolutionProperties) = preSolution
		HideSolutionNode = FALSE
	EndGlobalSection
	GlobalSection(ExtensibilityGlobals) = postSolution
		SolutionGuid = {327FF43C-7068-4E20-B107-3B5A4843799C}
	EndGlobalSection
EndGlobal
